// !$*UTF8*$!
{
	archiveVersion = 1;
	classes = {
	};
	objectVersion = 56;
	objects = {

/* Begin PBXBuildFile section */
		702BDCA72936888A00643ADA /* AddExerciseViewController.swift in Sources */ = {isa = PBXBuildFile; fileRef = 702BDCA62936888A00643ADA /* AddExerciseViewController.swift */; };
		702BDCA929368ABD00643ADA /* Exercise.swift in Sources */ = {isa = PBXBuildFile; fileRef = 702BDCA829368ABD00643ADA /* Exercise.swift */; };
		702BDCAB29368E5200643ADA /* ExerciseModel.swift in Sources */ = {isa = PBXBuildFile; fileRef = 702BDCAA29368E5200643ADA /* ExerciseModel.swift */; };
		70B8EDA32936727F00C57A76 /* WorkoutViewController.swift in Sources */ = {isa = PBXBuildFile; fileRef = 70B8EDA22936727F00C57A76 /* WorkoutViewController.swift */; };
		70B8EDA5293672E400C57A76 /* HistoryViewController.swift in Sources */ = {isa = PBXBuildFile; fileRef = 70B8EDA4293672E400C57A76 /* HistoryViewController.swift */; };
		70F951C42938F54C00B9EBC2 /* Workout.swift in Sources */ = {isa = PBXBuildFile; fileRef = 70F951C32938F54C00B9EBC2 /* Workout.swift */; };
		C981F0BD2932A72D0046B17E /* AppDelegate.swift in Sources */ = {isa = PBXBuildFile; fileRef = C981F0BC2932A72D0046B17E /* AppDelegate.swift */; };
		C981F0BF2932A72D0046B17E /* SceneDelegate.swift in Sources */ = {isa = PBXBuildFile; fileRef = C981F0BE2932A72D0046B17E /* SceneDelegate.swift */; };
		C981F0C12932A72D0046B17E /* ViewController.swift in Sources */ = {isa = PBXBuildFile; fileRef = C981F0C02932A72D0046B17E /* ViewController.swift */; };
		C981F0C42932A72D0046B17E /* Main.storyboard in Resources */ = {isa = PBXBuildFile; fileRef = C981F0C22932A72D0046B17E /* Main.storyboard */; };
		C981F0C72932A72D0046B17E /* WorkoutBuddy.xcdatamodeld in Sources */ = {isa = PBXBuildFile; fileRef = C981F0C52932A72D0046B17E /* WorkoutBuddy.xcdatamodeld */; };
		C981F0C92932A7320046B17E /* Assets.xcassets in Resources */ = {isa = PBXBuildFile; fileRef = C981F0C82932A7320046B17E /* Assets.xcassets */; };
		C981F0CC2932A7320046B17E /* LaunchScreen.storyboard in Resources */ = {isa = PBXBuildFile; fileRef = C981F0CA2932A7320046B17E /* LaunchScreen.storyboard */; };
		C981F0D72932A7330046B17E /* WorkoutBuddyTests.swift in Sources */ = {isa = PBXBuildFile; fileRef = C981F0D62932A7330046B17E /* WorkoutBuddyTests.swift */; };
		C981F0E12932A7330046B17E /* WorkoutBuddyUITests.swift in Sources */ = {isa = PBXBuildFile; fileRef = C981F0E02932A7330046B17E /* WorkoutBuddyUITests.swift */; };
		C981F0E32932A7330046B17E /* WorkoutBuddyUITestsLaunchTests.swift in Sources */ = {isa = PBXBuildFile; fileRef = C981F0E22932A7330046B17E /* WorkoutBuddyUITestsLaunchTests.swift */; };
		C981F0F4293DB8900046B17E /* WorkoutEntity+CoreDataClass.swift in Sources */ = {isa = PBXBuildFile; fileRef = C981F0F2293DB8900046B17E /* WorkoutEntity+CoreDataClass.swift */; };
		C981F0F5293DB8900046B17E /* WorkoutEntity+CoreDataProperties.swift in Sources */ = {isa = PBXBuildFile; fileRef = C981F0F3293DB8900046B17E /* WorkoutEntity+CoreDataProperties.swift */; };
		C981F0F8293DBFDB0046B17E /* ExerciseEntity+CoreDataClass.swift in Sources */ = {isa = PBXBuildFile; fileRef = C981F0F6293DBFDB0046B17E /* ExerciseEntity+CoreDataClass.swift */; };
		C981F0F9293DBFDB0046B17E /* ExerciseEntity+CoreDataProperties.swift in Sources */ = {isa = PBXBuildFile; fileRef = C981F0F7293DBFDB0046B17E /* ExerciseEntity+CoreDataProperties.swift */; };
		F802D841293E7E3C00D2CD15 /* RoutinesTableViewController.swift in Sources */ = {isa = PBXBuildFile; fileRef = F802D840293E7E3C00D2CD15 /* RoutinesTableViewController.swift */; };
		F807B04E2936EEB70020AE82 /* WeightedTableViewCell.swift in Sources */ = {isa = PBXBuildFile; fileRef = F807B04D2936EEB70020AE82 /* WeightedTableViewCell.swift */; };
		F807B0502936FD370020AE82 /* NonWeightedTableViewCell.swift in Sources */ = {isa = PBXBuildFile; fileRef = F807B04F2936FD370020AE82 /* NonWeightedTableViewCell.swift */; };
		F807B0522936FD4A0020AE82 /* CardioTableViewCell.swift in Sources */ = {isa = PBXBuildFile; fileRef = F807B0512936FD4A0020AE82 /* CardioTableViewCell.swift */; };
/* End PBXBuildFile section */

/* Begin PBXContainerItemProxy section */
		C981F0D32932A7330046B17E /* PBXContainerItemProxy */ = {
			isa = PBXContainerItemProxy;
			containerPortal = C981F0B12932A72C0046B17E /* Project object */;
			proxyType = 1;
			remoteGlobalIDString = C981F0B82932A72D0046B17E;
			remoteInfo = WorkoutBuddy;
		};
		C981F0DD2932A7330046B17E /* PBXContainerItemProxy */ = {
			isa = PBXContainerItemProxy;
			containerPortal = C981F0B12932A72C0046B17E /* Project object */;
			proxyType = 1;
			remoteGlobalIDString = C981F0B82932A72D0046B17E;
			remoteInfo = WorkoutBuddy;
		};
/* End PBXContainerItemProxy section */

/* Begin PBXFileReference section */
		702BDCA62936888A00643ADA /* AddExerciseViewController.swift */ = {isa = PBXFileReference; lastKnownFileType = sourcecode.swift; path = AddExerciseViewController.swift; sourceTree = "<group>"; };
		702BDCA829368ABD00643ADA /* Exercise.swift */ = {isa = PBXFileReference; lastKnownFileType = sourcecode.swift; path = Exercise.swift; sourceTree = "<group>"; };
		702BDCAA29368E5200643ADA /* ExerciseModel.swift */ = {isa = PBXFileReference; lastKnownFileType = sourcecode.swift; path = ExerciseModel.swift; sourceTree = "<group>"; };
		70B8EDA22936727F00C57A76 /* WorkoutViewController.swift */ = {isa = PBXFileReference; lastKnownFileType = sourcecode.swift; path = WorkoutViewController.swift; sourceTree = "<group>"; };
		70B8EDA4293672E400C57A76 /* HistoryViewController.swift */ = {isa = PBXFileReference; lastKnownFileType = sourcecode.swift; path = HistoryViewController.swift; sourceTree = "<group>"; };
		70F951C32938F54C00B9EBC2 /* Workout.swift */ = {isa = PBXFileReference; lastKnownFileType = sourcecode.swift; path = Workout.swift; sourceTree = "<group>"; };
		C981F0B92932A72D0046B17E /* WorkoutBuddy.app */ = {isa = PBXFileReference; explicitFileType = wrapper.application; includeInIndex = 0; path = WorkoutBuddy.app; sourceTree = BUILT_PRODUCTS_DIR; };
		C981F0BC2932A72D0046B17E /* AppDelegate.swift */ = {isa = PBXFileReference; lastKnownFileType = sourcecode.swift; path = AppDelegate.swift; sourceTree = "<group>"; };
		C981F0BE2932A72D0046B17E /* SceneDelegate.swift */ = {isa = PBXFileReference; lastKnownFileType = sourcecode.swift; path = SceneDelegate.swift; sourceTree = "<group>"; };
		C981F0C02932A72D0046B17E /* ViewController.swift */ = {isa = PBXFileReference; lastKnownFileType = sourcecode.swift; path = ViewController.swift; sourceTree = "<group>"; };
		C981F0C32932A72D0046B17E /* Base */ = {isa = PBXFileReference; lastKnownFileType = file.storyboard; name = Base; path = Base.lproj/Main.storyboard; sourceTree = "<group>"; };
		C981F0C62932A72D0046B17E /* WorkoutBuddy.xcdatamodel */ = {isa = PBXFileReference; lastKnownFileType = wrapper.xcdatamodel; path = WorkoutBuddy.xcdatamodel; sourceTree = "<group>"; };
		C981F0C82932A7320046B17E /* Assets.xcassets */ = {isa = PBXFileReference; lastKnownFileType = folder.assetcatalog; path = Assets.xcassets; sourceTree = "<group>"; };
		C981F0CB2932A7320046B17E /* Base */ = {isa = PBXFileReference; lastKnownFileType = file.storyboard; name = Base; path = Base.lproj/LaunchScreen.storyboard; sourceTree = "<group>"; };
		C981F0CD2932A7320046B17E /* Info.plist */ = {isa = PBXFileReference; lastKnownFileType = text.plist.xml; path = Info.plist; sourceTree = "<group>"; };
		C981F0D22932A7330046B17E /* WorkoutBuddyTests.xctest */ = {isa = PBXFileReference; explicitFileType = wrapper.cfbundle; includeInIndex = 0; path = WorkoutBuddyTests.xctest; sourceTree = BUILT_PRODUCTS_DIR; };
		C981F0D62932A7330046B17E /* WorkoutBuddyTests.swift */ = {isa = PBXFileReference; lastKnownFileType = sourcecode.swift; path = WorkoutBuddyTests.swift; sourceTree = "<group>"; };
		C981F0DC2932A7330046B17E /* WorkoutBuddyUITests.xctest */ = {isa = PBXFileReference; explicitFileType = wrapper.cfbundle; includeInIndex = 0; path = WorkoutBuddyUITests.xctest; sourceTree = BUILT_PRODUCTS_DIR; };
		C981F0E02932A7330046B17E /* WorkoutBuddyUITests.swift */ = {isa = PBXFileReference; lastKnownFileType = sourcecode.swift; path = WorkoutBuddyUITests.swift; sourceTree = "<group>"; };
		C981F0E22932A7330046B17E /* WorkoutBuddyUITestsLaunchTests.swift */ = {isa = PBXFileReference; lastKnownFileType = sourcecode.swift; path = WorkoutBuddyUITestsLaunchTests.swift; sourceTree = "<group>"; };
		C981F0F2293DB8900046B17E /* WorkoutEntity+CoreDataClass.swift */ = {isa = PBXFileReference; lastKnownFileType = sourcecode.swift; path = "WorkoutEntity+CoreDataClass.swift"; sourceTree = "<group>"; };
		C981F0F3293DB8900046B17E /* WorkoutEntity+CoreDataProperties.swift */ = {isa = PBXFileReference; lastKnownFileType = sourcecode.swift; path = "WorkoutEntity+CoreDataProperties.swift"; sourceTree = "<group>"; };
		C981F0F6293DBFDB0046B17E /* ExerciseEntity+CoreDataClass.swift */ = {isa = PBXFileReference; lastKnownFileType = sourcecode.swift; path = "ExerciseEntity+CoreDataClass.swift"; sourceTree = "<group>"; };
		C981F0F7293DBFDB0046B17E /* ExerciseEntity+CoreDataProperties.swift */ = {isa = PBXFileReference; lastKnownFileType = sourcecode.swift; path = "ExerciseEntity+CoreDataProperties.swift"; sourceTree = "<group>"; };
		F802D840293E7E3C00D2CD15 /* RoutinesTableViewController.swift */ = {isa = PBXFileReference; lastKnownFileType = sourcecode.swift; path = RoutinesTableViewController.swift; sourceTree = "<group>"; };
		F807B04D2936EEB70020AE82 /* WeightedTableViewCell.swift */ = {isa = PBXFileReference; lastKnownFileType = sourcecode.swift; path = WeightedTableViewCell.swift; sourceTree = "<group>"; };
		F807B04F2936FD370020AE82 /* NonWeightedTableViewCell.swift */ = {isa = PBXFileReference; lastKnownFileType = sourcecode.swift; path = NonWeightedTableViewCell.swift; sourceTree = "<group>"; };
		F807B0512936FD4A0020AE82 /* CardioTableViewCell.swift */ = {isa = PBXFileReference; lastKnownFileType = sourcecode.swift; path = CardioTableViewCell.swift; sourceTree = "<group>"; };
/* End PBXFileReference section */

/* Begin PBXFrameworksBuildPhase section */
		C981F0B62932A72D0046B17E /* Frameworks */ = {
			isa = PBXFrameworksBuildPhase;
			buildActionMask = 2147483647;
			files = (
			);
			runOnlyForDeploymentPostprocessing = 0;
		};
		C981F0CF2932A7330046B17E /* Frameworks */ = {
			isa = PBXFrameworksBuildPhase;
			buildActionMask = 2147483647;
			files = (
			);
			runOnlyForDeploymentPostprocessing = 0;
		};
		C981F0D92932A7330046B17E /* Frameworks */ = {
			isa = PBXFrameworksBuildPhase;
			buildActionMask = 2147483647;
			files = (
			);
			runOnlyForDeploymentPostprocessing = 0;
		};
/* End PBXFrameworksBuildPhase section */

/* Begin PBXGroup section */
		702BDCAD293690F900643ADA /* views */ = {
			isa = PBXGroup;
			children = (
				C981F0C22932A72D0046B17E /* Main.storyboard */,
				C981F0C82932A7320046B17E /* Assets.xcassets */,
				C981F0CA2932A7320046B17E /* LaunchScreen.storyboard */,
				F807B04D2936EEB70020AE82 /* WeightedTableViewCell.swift */,
				F807B04F2936FD370020AE82 /* NonWeightedTableViewCell.swift */,
				F807B0512936FD4A0020AE82 /* CardioTableViewCell.swift */,
			);
			path = views;
			sourceTree = "<group>";
		};
		702BDCAE2936910F00643ADA /* models */ = {
			isa = PBXGroup;
			children = (
				702BDCA829368ABD00643ADA /* Exercise.swift */,
				702BDCAA29368E5200643ADA /* ExerciseModel.swift */,
				70F951C32938F54C00B9EBC2 /* Workout.swift */,
			);
			path = models;
			sourceTree = "<group>";
		};
		C981F0B02932A72C0046B17E = {
			isa = PBXGroup;
			children = (
				C981F0F6293DBFDB0046B17E /* ExerciseEntity+CoreDataClass.swift */,
				C981F0F7293DBFDB0046B17E /* ExerciseEntity+CoreDataProperties.swift */,
				C981F0F2293DB8900046B17E /* WorkoutEntity+CoreDataClass.swift */,
				C981F0F3293DB8900046B17E /* WorkoutEntity+CoreDataProperties.swift */,
				C981F0BB2932A72D0046B17E /* WorkoutBuddy */,
				C981F0D52932A7330046B17E /* WorkoutBuddyTests */,
				C981F0DF2932A7330046B17E /* WorkoutBuddyUITests */,
				C981F0BA2932A72D0046B17E /* Products */,
			);
			sourceTree = "<group>";
		};
		C981F0BA2932A72D0046B17E /* Products */ = {
			isa = PBXGroup;
			children = (
				C981F0B92932A72D0046B17E /* WorkoutBuddy.app */,
				C981F0D22932A7330046B17E /* WorkoutBuddyTests.xctest */,
				C981F0DC2932A7330046B17E /* WorkoutBuddyUITests.xctest */,
			);
			name = Products;
			sourceTree = "<group>";
		};
		C981F0BB2932A72D0046B17E /* WorkoutBuddy */ = {
			isa = PBXGroup;
			children = (
				F802D840293E7E3C00D2CD15 /* RoutinesTableViewController.swift */,
				70B8EDA22936727F00C57A76 /* WorkoutViewController.swift */,
				70B8EDA4293672E400C57A76 /* HistoryViewController.swift */,
				702BDCA62936888A00643ADA /* AddExerciseViewController.swift */,
				C981F0C02932A72D0046B17E /* ViewController.swift */,
				702BDCAE2936910F00643ADA /* models */,
				702BDCAD293690F900643ADA /* views */,
				C981F0BC2932A72D0046B17E /* AppDelegate.swift */,
				C981F0BE2932A72D0046B17E /* SceneDelegate.swift */,
				C981F0CD2932A7320046B17E /* Info.plist */,
				C981F0C52932A72D0046B17E /* WorkoutBuddy.xcdatamodeld */,
			);
			path = WorkoutBuddy;
			sourceTree = "<group>";
		};
		C981F0D52932A7330046B17E /* WorkoutBuddyTests */ = {
			isa = PBXGroup;
			children = (
				C981F0D62932A7330046B17E /* WorkoutBuddyTests.swift */,
			);
			path = WorkoutBuddyTests;
			sourceTree = "<group>";
		};
		C981F0DF2932A7330046B17E /* WorkoutBuddyUITests */ = {
			isa = PBXGroup;
			children = (
				C981F0E02932A7330046B17E /* WorkoutBuddyUITests.swift */,
				C981F0E22932A7330046B17E /* WorkoutBuddyUITestsLaunchTests.swift */,
			);
			path = WorkoutBuddyUITests;
			sourceTree = "<group>";
		};
/* End PBXGroup section */

/* Begin PBXNativeTarget section */
		C981F0B82932A72D0046B17E /* WorkoutBuddy */ = {
			isa = PBXNativeTarget;
			buildConfigurationList = C981F0E62932A7330046B17E /* Build configuration list for PBXNativeTarget "WorkoutBuddy" */;
			buildPhases = (
				C981F0B52932A72D0046B17E /* Sources */,
				C981F0B62932A72D0046B17E /* Frameworks */,
				C981F0B72932A72D0046B17E /* Resources */,
			);
			buildRules = (
			);
			dependencies = (
			);
			name = WorkoutBuddy;
			productName = WorkoutBuddy;
			productReference = C981F0B92932A72D0046B17E /* WorkoutBuddy.app */;
			productType = "com.apple.product-type.application";
		};
		C981F0D12932A7330046B17E /* WorkoutBuddyTests */ = {
			isa = PBXNativeTarget;
			buildConfigurationList = C981F0E92932A7330046B17E /* Build configuration list for PBXNativeTarget "WorkoutBuddyTests" */;
			buildPhases = (
				C981F0CE2932A7330046B17E /* Sources */,
				C981F0CF2932A7330046B17E /* Frameworks */,
				C981F0D02932A7330046B17E /* Resources */,
			);
			buildRules = (
			);
			dependencies = (
				C981F0D42932A7330046B17E /* PBXTargetDependency */,
			);
			name = WorkoutBuddyTests;
			productName = WorkoutBuddyTests;
			productReference = C981F0D22932A7330046B17E /* WorkoutBuddyTests.xctest */;
			productType = "com.apple.product-type.bundle.unit-test";
		};
		C981F0DB2932A7330046B17E /* WorkoutBuddyUITests */ = {
			isa = PBXNativeTarget;
			buildConfigurationList = C981F0EC2932A7330046B17E /* Build configuration list for PBXNativeTarget "WorkoutBuddyUITests" */;
			buildPhases = (
				C981F0D82932A7330046B17E /* Sources */,
				C981F0D92932A7330046B17E /* Frameworks */,
				C981F0DA2932A7330046B17E /* Resources */,
			);
			buildRules = (
			);
			dependencies = (
				C981F0DE2932A7330046B17E /* PBXTargetDependency */,
			);
			name = WorkoutBuddyUITests;
			productName = WorkoutBuddyUITests;
			productReference = C981F0DC2932A7330046B17E /* WorkoutBuddyUITests.xctest */;
			productType = "com.apple.product-type.bundle.ui-testing";
		};
/* End PBXNativeTarget section */

/* Begin PBXProject section */
		C981F0B12932A72C0046B17E /* Project object */ = {
			isa = PBXProject;
			attributes = {
				BuildIndependentTargetsInParallel = 1;
				LastSwiftUpdateCheck = 1410;
				LastUpgradeCheck = 1410;
				TargetAttributes = {
					C981F0B82932A72D0046B17E = {
						CreatedOnToolsVersion = 14.1;
					};
					C981F0D12932A7330046B17E = {
						CreatedOnToolsVersion = 14.1;
						TestTargetID = C981F0B82932A72D0046B17E;
					};
					C981F0DB2932A7330046B17E = {
						CreatedOnToolsVersion = 14.1;
						TestTargetID = C981F0B82932A72D0046B17E;
					};
				};
			};
			buildConfigurationList = C981F0B42932A72C0046B17E /* Build configuration list for PBXProject "WorkoutBuddy" */;
			compatibilityVersion = "Xcode 14.0";
			developmentRegion = en;
			hasScannedForEncodings = 0;
			knownRegions = (
				en,
				Base,
			);
			mainGroup = C981F0B02932A72C0046B17E;
			productRefGroup = C981F0BA2932A72D0046B17E /* Products */;
			projectDirPath = "";
			projectRoot = "";
			targets = (
				C981F0B82932A72D0046B17E /* WorkoutBuddy */,
				C981F0D12932A7330046B17E /* WorkoutBuddyTests */,
				C981F0DB2932A7330046B17E /* WorkoutBuddyUITests */,
			);
		};
/* End PBXProject section */

/* Begin PBXResourcesBuildPhase section */
		C981F0B72932A72D0046B17E /* Resources */ = {
			isa = PBXResourcesBuildPhase;
			buildActionMask = 2147483647;
			files = (
				C981F0CC2932A7320046B17E /* LaunchScreen.storyboard in Resources */,
				C981F0C92932A7320046B17E /* Assets.xcassets in Resources */,
				C981F0C42932A72D0046B17E /* Main.storyboard in Resources */,
			);
			runOnlyForDeploymentPostprocessing = 0;
		};
		C981F0D02932A7330046B17E /* Resources */ = {
			isa = PBXResourcesBuildPhase;
			buildActionMask = 2147483647;
			files = (
			);
			runOnlyForDeploymentPostprocessing = 0;
		};
		C981F0DA2932A7330046B17E /* Resources */ = {
			isa = PBXResourcesBuildPhase;
			buildActionMask = 2147483647;
			files = (
			);
			runOnlyForDeploymentPostprocessing = 0;
		};
/* End PBXResourcesBuildPhase section */

/* Begin PBXSourcesBuildPhase section */
		C981F0B52932A72D0046B17E /* Sources */ = {
			isa = PBXSourcesBuildPhase;
			buildActionMask = 2147483647;
			files = (
				C981F0C72932A72D0046B17E /* WorkoutBuddy.xcdatamodeld in Sources */,
				F807B0502936FD370020AE82 /* NonWeightedTableViewCell.swift in Sources */,
				702BDCA929368ABD00643ADA /* Exercise.swift in Sources */,
				70F951C42938F54C00B9EBC2 /* Workout.swift in Sources */,
				F802D841293E7E3C00D2CD15 /* RoutinesTableViewController.swift in Sources */,
				C981F0C12932A72D0046B17E /* ViewController.swift in Sources */,
				70B8EDA32936727F00C57A76 /* WorkoutViewController.swift in Sources */,
				F807B04E2936EEB70020AE82 /* WeightedTableViewCell.swift in Sources */,
				C981F0F5293DB8900046B17E /* WorkoutEntity+CoreDataProperties.swift in Sources */,
				702BDCA72936888A00643ADA /* AddExerciseViewController.swift in Sources */,
				70B8EDA5293672E400C57A76 /* HistoryViewController.swift in Sources */,
				C981F0BD2932A72D0046B17E /* AppDelegate.swift in Sources */,
				F807B0522936FD4A0020AE82 /* CardioTableViewCell.swift in Sources */,
				702BDCAB29368E5200643ADA /* ExerciseModel.swift in Sources */,
				C981F0F4293DB8900046B17E /* WorkoutEntity+CoreDataClass.swift in Sources */,
				C981F0F8293DBFDB0046B17E /* ExerciseEntity+CoreDataClass.swift in Sources */,
				C981F0BF2932A72D0046B17E /* SceneDelegate.swift in Sources */,
				C981F0F9293DBFDB0046B17E /* ExerciseEntity+CoreDataProperties.swift in Sources */,
			);
			runOnlyForDeploymentPostprocessing = 0;
		};
		C981F0CE2932A7330046B17E /* Sources */ = {
			isa = PBXSourcesBuildPhase;
			buildActionMask = 2147483647;
			files = (
				C981F0D72932A7330046B17E /* WorkoutBuddyTests.swift in Sources */,
			);
			runOnlyForDeploymentPostprocessing = 0;
		};
		C981F0D82932A7330046B17E /* Sources */ = {
			isa = PBXSourcesBuildPhase;
			buildActionMask = 2147483647;
			files = (
				C981F0E12932A7330046B17E /* WorkoutBuddyUITests.swift in Sources */,
				C981F0E32932A7330046B17E /* WorkoutBuddyUITestsLaunchTests.swift in Sources */,
			);
			runOnlyForDeploymentPostprocessing = 0;
		};
/* End PBXSourcesBuildPhase section */

/* Begin PBXTargetDependency section */
		C981F0D42932A7330046B17E /* PBXTargetDependency */ = {
			isa = PBXTargetDependency;
			target = C981F0B82932A72D0046B17E /* WorkoutBuddy */;
			targetProxy = C981F0D32932A7330046B17E /* PBXContainerItemProxy */;
		};
		C981F0DE2932A7330046B17E /* PBXTargetDependency */ = {
			isa = PBXTargetDependency;
			target = C981F0B82932A72D0046B17E /* WorkoutBuddy */;
			targetProxy = C981F0DD2932A7330046B17E /* PBXContainerItemProxy */;
		};
/* End PBXTargetDependency section */

/* Begin PBXVariantGroup section */
		C981F0C22932A72D0046B17E /* Main.storyboard */ = {
			isa = PBXVariantGroup;
			children = (
				C981F0C32932A72D0046B17E /* Base */,
			);
			name = Main.storyboard;
			sourceTree = "<group>";
		};
		C981F0CA2932A7320046B17E /* LaunchScreen.storyboard */ = {
			isa = PBXVariantGroup;
			children = (
				C981F0CB2932A7320046B17E /* Base */,
			);
			name = LaunchScreen.storyboard;
			sourceTree = "<group>";
		};
/* End PBXVariantGroup section */

/* Begin XCBuildConfiguration section */
		C981F0E42932A7330046B17E /* Debug */ = {
			isa = XCBuildConfiguration;
			buildSettings = {
				ALWAYS_SEARCH_USER_PATHS = NO;
				CLANG_ANALYZER_NONNULL = YES;
				CLANG_ANALYZER_NUMBER_OBJECT_CONVERSION = YES_AGGRESSIVE;
				CLANG_CXX_LANGUAGE_STANDARD = "gnu++20";
				CLANG_ENABLE_MODULES = YES;
				CLANG_ENABLE_OBJC_ARC = YES;
				CLANG_ENABLE_OBJC_WEAK = YES;
				CLANG_WARN_BLOCK_CAPTURE_AUTORELEASING = YES;
				CLANG_WARN_BOOL_CONVERSION = YES;
				CLANG_WARN_COMMA = YES;
				CLANG_WARN_CONSTANT_CONVERSION = YES;
				CLANG_WARN_DEPRECATED_OBJC_IMPLEMENTATIONS = YES;
				CLANG_WARN_DIRECT_OBJC_ISA_USAGE = YES_ERROR;
				CLANG_WARN_DOCUMENTATION_COMMENTS = YES;
				CLANG_WARN_EMPTY_BODY = YES;
				CLANG_WARN_ENUM_CONVERSION = YES;
				CLANG_WARN_INFINITE_RECURSION = YES;
				CLANG_WARN_INT_CONVERSION = YES;
				CLANG_WARN_NON_LITERAL_NULL_CONVERSION = YES;
				CLANG_WARN_OBJC_IMPLICIT_RETAIN_SELF = YES;
				CLANG_WARN_OBJC_LITERAL_CONVERSION = YES;
				CLANG_WARN_OBJC_ROOT_CLASS = YES_ERROR;
				CLANG_WARN_QUOTED_INCLUDE_IN_FRAMEWORK_HEADER = YES;
				CLANG_WARN_RANGE_LOOP_ANALYSIS = YES;
				CLANG_WARN_STRICT_PROTOTYPES = YES;
				CLANG_WARN_SUSPICIOUS_MOVE = YES;
				CLANG_WARN_UNGUARDED_AVAILABILITY = YES_AGGRESSIVE;
				CLANG_WARN_UNREACHABLE_CODE = YES;
				CLANG_WARN__DUPLICATE_METHOD_MATCH = YES;
				COPY_PHASE_STRIP = NO;
				DEBUG_INFORMATION_FORMAT = dwarf;
				ENABLE_STRICT_OBJC_MSGSEND = YES;
				ENABLE_TESTABILITY = YES;
				GCC_C_LANGUAGE_STANDARD = gnu11;
				GCC_DYNAMIC_NO_PIC = NO;
				GCC_NO_COMMON_BLOCKS = YES;
				GCC_OPTIMIZATION_LEVEL = 0;
				GCC_PREPROCESSOR_DEFINITIONS = (
					"DEBUG=1",
					"$(inherited)",
				);
				GCC_WARN_64_TO_32_BIT_CONVERSION = YES;
				GCC_WARN_ABOUT_RETURN_TYPE = YES_ERROR;
				GCC_WARN_UNDECLARED_SELECTOR = YES;
				GCC_WARN_UNINITIALIZED_AUTOS = YES_AGGRESSIVE;
				GCC_WARN_UNUSED_FUNCTION = YES;
				GCC_WARN_UNUSED_VARIABLE = YES;
				IPHONEOS_DEPLOYMENT_TARGET = 16.1;
				MTL_ENABLE_DEBUG_INFO = INCLUDE_SOURCE;
				MTL_FAST_MATH = YES;
				ONLY_ACTIVE_ARCH = YES;
				SDKROOT = iphoneos;
				SWIFT_ACTIVE_COMPILATION_CONDITIONS = DEBUG;
				SWIFT_OPTIMIZATION_LEVEL = "-Onone";
			};
			name = Debug;
		};
		C981F0E52932A7330046B17E /* Release */ = {
			isa = XCBuildConfiguration;
			buildSettings = {
				ALWAYS_SEARCH_USER_PATHS = NO;
				CLANG_ANALYZER_NONNULL = YES;
				CLANG_ANALYZER_NUMBER_OBJECT_CONVERSION = YES_AGGRESSIVE;
				CLANG_CXX_LANGUAGE_STANDARD = "gnu++20";
				CLANG_ENABLE_MODULES = YES;
				CLANG_ENABLE_OBJC_ARC = YES;
				CLANG_ENABLE_OBJC_WEAK = YES;
				CLANG_WARN_BLOCK_CAPTURE_AUTORELEASING = YES;
				CLANG_WARN_BOOL_CONVERSION = YES;
				CLANG_WARN_COMMA = YES;
				CLANG_WARN_CONSTANT_CONVERSION = YES;
				CLANG_WARN_DEPRECATED_OBJC_IMPLEMENTATIONS = YES;
				CLANG_WARN_DIRECT_OBJC_ISA_USAGE = YES_ERROR;
				CLANG_WARN_DOCUMENTATION_COMMENTS = YES;
				CLANG_WARN_EMPTY_BODY = YES;
				CLANG_WARN_ENUM_CONVERSION = YES;
				CLANG_WARN_INFINITE_RECURSION = YES;
				CLANG_WARN_INT_CONVERSION = YES;
				CLANG_WARN_NON_LITERAL_NULL_CONVERSION = YES;
				CLANG_WARN_OBJC_IMPLICIT_RETAIN_SELF = YES;
				CLANG_WARN_OBJC_LITERAL_CONVERSION = YES;
				CLANG_WARN_OBJC_ROOT_CLASS = YES_ERROR;
				CLANG_WARN_QUOTED_INCLUDE_IN_FRAMEWORK_HEADER = YES;
				CLANG_WARN_RANGE_LOOP_ANALYSIS = YES;
				CLANG_WARN_STRICT_PROTOTYPES = YES;
				CLANG_WARN_SUSPICIOUS_MOVE = YES;
				CLANG_WARN_UNGUARDED_AVAILABILITY = YES_AGGRESSIVE;
				CLANG_WARN_UNREACHABLE_CODE = YES;
				CLANG_WARN__DUPLICATE_METHOD_MATCH = YES;
				COPY_PHASE_STRIP = NO;
				DEBUG_INFORMATION_FORMAT = "dwarf-with-dsym";
				ENABLE_NS_ASSERTIONS = NO;
				ENABLE_STRICT_OBJC_MSGSEND = YES;
				GCC_C_LANGUAGE_STANDARD = gnu11;
				GCC_NO_COMMON_BLOCKS = YES;
				GCC_WARN_64_TO_32_BIT_CONVERSION = YES;
				GCC_WARN_ABOUT_RETURN_TYPE = YES_ERROR;
				GCC_WARN_UNDECLARED_SELECTOR = YES;
				GCC_WARN_UNINITIALIZED_AUTOS = YES_AGGRESSIVE;
				GCC_WARN_UNUSED_FUNCTION = YES;
				GCC_WARN_UNUSED_VARIABLE = YES;
				IPHONEOS_DEPLOYMENT_TARGET = 16.1;
				MTL_ENABLE_DEBUG_INFO = NO;
				MTL_FAST_MATH = YES;
				SDKROOT = iphoneos;
				SWIFT_COMPILATION_MODE = wholemodule;
				SWIFT_OPTIMIZATION_LEVEL = "-O";
				VALIDATE_PRODUCT = YES;
			};
			name = Release;
		};
		C981F0E72932A7330046B17E /* Debug */ = {
			isa = XCBuildConfiguration;
			buildSettings = {
				ASSETCATALOG_COMPILER_APPICON_NAME = AppIcon;
				ASSETCATALOG_COMPILER_GLOBAL_ACCENT_COLOR_NAME = AccentColor;
				CODE_SIGN_STYLE = Automatic;
				CURRENT_PROJECT_VERSION = 1;
				GENERATE_INFOPLIST_FILE = YES;
				INFOPLIST_FILE = WorkoutBuddy/Info.plist;
				INFOPLIST_KEY_UIApplicationSupportsIndirectInputEvents = YES;
				INFOPLIST_KEY_UILaunchStoryboardName = LaunchScreen;
				INFOPLIST_KEY_UIMainStoryboardFile = Main;
				INFOPLIST_KEY_UISupportedInterfaceOrientations_iPad = "UIInterfaceOrientationPortrait UIInterfaceOrientationPortraitUpsideDown UIInterfaceOrientationLandscapeLeft UIInterfaceOrientationLandscapeRight";
				INFOPLIST_KEY_UISupportedInterfaceOrientations_iPhone = "UIInterfaceOrientationPortrait UIInterfaceOrientationLandscapeLeft UIInterfaceOrientationLandscapeRight";
				LD_RUNPATH_SEARCH_PATHS = (
					"$(inherited)",
					"@executable_path/Frameworks",
				);
				MARKETING_VERSION = 1.0;
				PRODUCT_BUNDLE_IDENTIFIER = "final-project.WorkoutBuddy";
				PRODUCT_NAME = "$(TARGET_NAME)";
				SWIFT_EMIT_LOC_STRINGS = YES;
				SWIFT_VERSION = 5.0;
				TARGETED_DEVICE_FAMILY = "1,2";
			};
			name = Debug;
		};
		C981F0E82932A7330046B17E /* Release */ = {
			isa = XCBuildConfiguration;
			buildSettings = {
				ASSETCATALOG_COMPILER_APPICON_NAME = AppIcon;
				ASSETCATALOG_COMPILER_GLOBAL_ACCENT_COLOR_NAME = AccentColor;
				CODE_SIGN_STYLE = Automatic;
				CURRENT_PROJECT_VERSION = 1;
				GENERATE_INFOPLIST_FILE = YES;
				INFOPLIST_FILE = WorkoutBuddy/Info.plist;
				INFOPLIST_KEY_UIApplicationSupportsIndirectInputEvents = YES;
				INFOPLIST_KEY_UILaunchStoryboardName = LaunchScreen;
				INFOPLIST_KEY_UIMainStoryboardFile = Main;
				INFOPLIST_KEY_UISupportedInterfaceOrientations_iPad = "UIInterfaceOrientationPortrait UIInterfaceOrientationPortraitUpsideDown UIInterfaceOrientationLandscapeLeft UIInterfaceOrientationLandscapeRight";
				INFOPLIST_KEY_UISupportedInterfaceOrientations_iPhone = "UIInterfaceOrientationPortrait UIInterfaceOrientationLandscapeLeft UIInterfaceOrientationLandscapeRight";
				LD_RUNPATH_SEARCH_PATHS = (
					"$(inherited)",
					"@executable_path/Frameworks",
				);
				MARKETING_VERSION = 1.0;
				PRODUCT_BUNDLE_IDENTIFIER = "final-project.WorkoutBuddy";
				PRODUCT_NAME = "$(TARGET_NAME)";
				SWIFT_EMIT_LOC_STRINGS = YES;
				SWIFT_VERSION = 5.0;
				TARGETED_DEVICE_FAMILY = "1,2";
			};
			name = Release;
		};
		C981F0EA2932A7330046B17E /* Debug */ = {
			isa = XCBuildConfiguration;
			buildSettings = {
				ALWAYS_EMBED_SWIFT_STANDARD_LIBRARIES = YES;
				BUNDLE_LOADER = "$(TEST_HOST)";
				CODE_SIGN_STYLE = Automatic;
				CURRENT_PROJECT_VERSION = 1;
				GENERATE_INFOPLIST_FILE = YES;
				IPHONEOS_DEPLOYMENT_TARGET = 16.1;
				MARKETING_VERSION = 1.0;
				PRODUCT_BUNDLE_IDENTIFIER = "final-project.WorkoutBuddyTests";
				PRODUCT_NAME = "$(TARGET_NAME)";
				SWIFT_EMIT_LOC_STRINGS = NO;
				SWIFT_VERSION = 5.0;
				TARGETED_DEVICE_FAMILY = "1,2";
				TEST_HOST = "$(BUILT_PRODUCTS_DIR)/WorkoutBuddy.app/$(BUNDLE_EXECUTABLE_FOLDER_PATH)/WorkoutBuddy";
			};
			name = Debug;
		};
		C981F0EB2932A7330046B17E /* Release */ = {
			isa = XCBuildConfiguration;
			buildSettings = {
				ALWAYS_EMBED_SWIFT_STANDARD_LIBRARIES = YES;
				BUNDLE_LOADER = "$(TEST_HOST)";
				CODE_SIGN_STYLE = Automatic;
				CURRENT_PROJECT_VERSION = 1;
				GENERATE_INFOPLIST_FILE = YES;
				IPHONEOS_DEPLOYMENT_TARGET = 16.1;
				MARKETING_VERSION = 1.0;
				PRODUCT_BUNDLE_IDENTIFIER = "final-project.WorkoutBuddyTests";
				PRODUCT_NAME = "$(TARGET_NAME)";
				SWIFT_EMIT_LOC_STRINGS = NO;
				SWIFT_VERSION = 5.0;
				TARGETED_DEVICE_FAMILY = "1,2";
				TEST_HOST = "$(BUILT_PRODUCTS_DIR)/WorkoutBuddy.app/$(BUNDLE_EXECUTABLE_FOLDER_PATH)/WorkoutBuddy";
			};
			name = Release;
		};
		C981F0ED2932A7330046B17E /* Debug */ = {
			isa = XCBuildConfiguration;
			buildSettings = {
				ALWAYS_EMBED_SWIFT_STANDARD_LIBRARIES = YES;
				CODE_SIGN_STYLE = Automatic;
				CURRENT_PROJECT_VERSION = 1;
				GENERATE_INFOPLIST_FILE = YES;
				MARKETING_VERSION = 1.0;
				PRODUCT_BUNDLE_IDENTIFIER = "final-project.WorkoutBuddyUITests";
				PRODUCT_NAME = "$(TARGET_NAME)";
				SWIFT_EMIT_LOC_STRINGS = NO;
				SWIFT_VERSION = 5.0;
				TARGETED_DEVICE_FAMILY = "1,2";
				TEST_TARGET_NAME = WorkoutBuddy;
			};
			name = Debug;
		};
		C981F0EE2932A7330046B17E /* Release */ = {
			isa = XCBuildConfiguration;
			buildSettings = {
				ALWAYS_EMBED_SWIFT_STANDARD_LIBRARIES = YES;
				CODE_SIGN_STYLE = Automatic;
				CURRENT_PROJECT_VERSION = 1;
				GENERATE_INFOPLIST_FILE = YES;
				MARKETING_VERSION = 1.0;
				PRODUCT_BUNDLE_IDENTIFIER = "final-project.WorkoutBuddyUITests";
				PRODUCT_NAME = "$(TARGET_NAME)";
				SWIFT_EMIT_LOC_STRINGS = NO;
				SWIFT_VERSION = 5.0;
				TARGETED_DEVICE_FAMILY = "1,2";
				TEST_TARGET_NAME = WorkoutBuddy;
			};
			name = Release;
		};
/* End XCBuildConfiguration section */

/* Begin XCConfigurationList section */
		C981F0B42932A72C0046B17E /* Build configuration list for PBXProject "WorkoutBuddy" */ = {
			isa = XCConfigurationList;
			buildConfigurations = (
				C981F0E42932A7330046B17E /* Debug */,
				C981F0E52932A7330046B17E /* Release */,
			);
			defaultConfigurationIsVisible = 0;
			defaultConfigurationName = Release;
		};
		C981F0E62932A7330046B17E /* Build configuration list for PBXNativeTarget "WorkoutBuddy" */ = {
			isa = XCConfigurationList;
			buildConfigurations = (
				C981F0E72932A7330046B17E /* Debug */,
				C981F0E82932A7330046B17E /* Release */,
			);
			defaultConfigurationIsVisible = 0;
			defaultConfigurationName = Release;
		};
		C981F0E92932A7330046B17E /* Build configuration list for PBXNativeTarget "WorkoutBuddyTests" */ = {
			isa = XCConfigurationList;
			buildConfigurations = (
				C981F0EA2932A7330046B17E /* Debug */,
				C981F0EB2932A7330046B17E /* Release */,
			);
			defaultConfigurationIsVisible = 0;
			defaultConfigurationName = Release;
		};
		C981F0EC2932A7330046B17E /* Build configuration list for PBXNativeTarget "WorkoutBuddyUITests" */ = {
			isa = XCConfigurationList;
			buildConfigurations = (
				C981F0ED2932A7330046B17E /* Debug */,
				C981F0EE2932A7330046B17E /* Release */,
			);
			defaultConfigurationIsVisible = 0;
			defaultConfigurationName = Release;
		};
/* End XCConfigurationList section */

/* Begin XCVersionGroup section */
		C981F0C52932A72D0046B17E /* WorkoutBuddy.xcdatamodeld */ = {
			isa = XCVersionGroup;
			children = (
				C981F0C62932A72D0046B17E /* WorkoutBuddy.xcdatamodel */,
			);
			currentVersion = C981F0C62932A72D0046B17E /* WorkoutBuddy.xcdatamodel */;
			path = WorkoutBuddy.xcdatamodeld;
			sourceTree = "<group>";
			versionGroupType = wrapper.xcdatamodel;
		};
/* End XCVersionGroup section */
	};
	rootObject = C981F0B12932A72C0046B17E /* Project object */;
}
